
Microsoft Visual Studio Solution File, Format Version 11.00
# Visual Studio 2010
Project("{FAE04EC0-301F-11D3-BF4B-00C04F79EFBC}") = "Assembly-CSharp", "Assembly-CSharp.csproj", "{8219FF1F-9479-58C6-FC3B-D6D94A156173}"
EndProject
Project("{FAE04EC0-301F-11D3-BF4B-00C04F79EFBC}") = "Assembly-CSharp-Editor", "Assembly-CSharp-Editor.csproj", "{43802FFB-9E6B-4118-F2E2-863313218E21}"
EndProject
Global
	GlobalSection(SolutionConfigurationPlatforms) = preSolution
		Debug|Any CPU = Debug|Any CPU
		Release|Any CPU = Release|Any CPU
	EndGlobalSection
	GlobalSection(ProjectConfigurationPlatforms) = postSolution
		{8219FF1F-9479-58C6-FC3B-D6D94A156173}.Debug|Any CPU.ActiveCfg = Debug|Any CPU
		{8219FF1F-9479-58C6-FC3B-D6D94A156173}.Debug|Any CPU.Build.0 = Debug|Any CPU
		{8219FF1F-9479-58C6-FC3B-D6D94A156173}.Release|Any CPU.ActiveCfg = Release|Any CPU
		{8219FF1F-9479-58C6-FC3B-D6D94A156173}.Release|Any CPU.Build.0 = Release|Any CPU
		{43802FFB-9E6B-4118-F2E2-863313218E21}.Debug|Any CPU.ActiveCfg = Debug|Any CPU
		{43802FFB-9E6B-4118-F2E2-863313218E21}.Debug|Any CPU.Build.0 = Debug|Any CPU
		{43802FFB-9E6B-4118-F2E2-863313218E21}.Release|Any CPU.ActiveCfg = Release|Any CPU
		{43802FFB-9E6B-4118-F2E2-863313218E21}.Release|Any CPU.Build.0 = Release|Any CPU
	EndGlobalSection
	GlobalSection(SolutionProperties) = preSolution
		HideSolutionNode = FALSE
	EndGlobalSection
	GlobalSection(MonoDevelopProperties) = preSolution
		StartupItem = Assembly-CSharp.csproj
	EndGlobalSection
EndGlobal
